
Microsoft Visual Studio Solution File, Format Version 12.00
# Visual Studio Version 17
VisualStudioVersion = 17.8.34330.188
MinimumVisualStudioVersion = 10.0.40219.1
Project("{FAE04EC0-301F-11D3-BF4B-00C04F79EFBC}") = "CustomerManagement.API", "CustomerManagement.API\CustomerManagement.API.csproj", "{DBC147C9-F582-4CB1-9E5E-682D9E6C9A2B}"
EndProject
Project("{FAE04EC0-301F-11D3-BF4B-00C04F79EFBC}") = "CustomerManagement.Domain", "CustomerManagement.Domain\CustomerManagement.Domain.csproj", "{89B82B2F-F406-428E-A4AA-A5B4460745B1}"
EndProject
Project("{FAE04EC0-301F-11D3-BF4B-00C04F79EFBC}") = "CustomerManagement.Application", "CustomerManagement.Application\CustomerManagement.Application.csproj", "{D822DF55-DFAD-4D0B-9161-201E8CFEF665}"
EndProject
Project("{FAE04EC0-301F-11D3-BF4B-00C04F79EFBC}") = "CustomerManagement.Infrastructure", "CustomerManagement.Infrastructure\CustomerManagement.Infrastructure.csproj", "{324FBB6F-F85E-4C92-8DB0-7D57E7C29B81}"
EndProject
Global
	GlobalSection(SolutionConfigurationPlatforms) = preSolution
		Debug|Any CPU = Debug|Any CPU
		Release|Any CPU = Release|Any CPU
	EndGlobalSection
	GlobalSection(ProjectConfigurationPlatforms) = postSolution
		{DBC147C9-F582-4CB1-9E5E-682D9E6C9A2B}.Debug|Any CPU.ActiveCfg = Debug|Any CPU
		{DBC147C9-F582-4CB1-9E5E-682D9E6C9A2B}.Debug|Any CPU.Build.0 = Debug|Any CPU
		{DBC147C9-F582-4CB1-9E5E-682D9E6C9A2B}.Release|Any CPU.ActiveCfg = Release|Any CPU
		{DBC147C9-F582-4CB1-9E5E-682D9E6C9A2B}.Release|Any CPU.Build.0 = Release|Any CPU
		{89B82B2F-F406-428E-A4AA-A5B4460745B1}.Debug|Any CPU.ActiveCfg = Debug|Any CPU
		{89B82B2F-F406-428E-A4AA-A5B4460745B1}.Debug|Any CPU.Build.0 = Debug|Any CPU
		{89B82B2F-F406-428E-A4AA-A5B4460745B1}.Release|Any CPU.ActiveCfg = Release|Any CPU
		{89B82B2F-F406-428E-A4AA-A5B4460745B1}.Release|Any CPU.Build.0 = Release|Any CPU
		{D822DF55-DFAD-4D0B-9161-201E8CFEF665}.Debug|Any CPU.ActiveCfg = Debug|Any CPU
		{D822DF55-DFAD-4D0B-9161-201E8CFEF665}.Debug|Any CPU.Build.0 = Debug|Any CPU
		{D822DF55-DFAD-4D0B-9161-201E8CFEF665}.Release|Any CPU.ActiveCfg = Release|Any CPU
		{D822DF55-DFAD-4D0B-9161-201E8CFEF665}.Release|Any CPU.Build.0 = Release|Any CPU
		{324FBB6F-F85E-4C92-8DB0-7D57E7C29B81}.Debug|Any CPU.ActiveCfg = Debug|Any CPU
		{324FBB6F-F85E-4C92-8DB0-7D57E7C29B81}.Debug|Any CPU.Build.0 = Debug|Any CPU
		{324FBB6F-F85E-4C92-8DB0-7D57E7C29B81}.Release|Any CPU.ActiveCfg = Release|Any CPU
		{324FBB6F-F85E-4C92-8DB0-7D57E7C29B81}.Release|Any CPU.Build.0 = Release|Any CPU
	EndGlobalSection
	GlobalSection(SolutionProperties) = preSolution
		HideSolutionNode = FALSE
	EndGlobalSection
	GlobalSection(ExtensibilityGlobals) = postSolution
		SolutionGuid = {FF9222D3-E8EA-46F7-BF39-DD50136BCDF3}
	EndGlobalSection
EndGlobal
